// !$*UTF8*$!
{
	archiveVersion = 1;
	classes = {
	};
	objectVersion = 50;
	objects = {

/* Begin PBXBuildFile section */
		2CD1F3DC219FF1DC00E8B857 /* AppDelegate.m in Sources */ = {isa = PBXBuildFile; fileRef = 2CD1F3DB219FF1DC00E8B857 /* AppDelegate.m */; };
		2CD1F3DF219FF1DC00E8B857 /* ViewController.m in Sources */ = {isa = PBXBuildFile; fileRef = 2CD1F3DE219FF1DC00E8B857 /* ViewController.m */; };
		2CD1F3E2219FF1DC00E8B857 /* Main.storyboard in Resources */ = {isa = PBXBuildFile; fileRef = 2CD1F3E0219FF1DC00E8B857 /* Main.storyboard */; };
		2CD1F3E4219FF1DD00E8B857 /* Assets.xcassets in Resources */ = {isa = PBXBuildFile; fileRef = 2CD1F3E3219FF1DD00E8B857 /* Assets.xcassets */; };
		2CD1F3E7219FF1DD00E8B857 /* LaunchScreen.storyboard in Resources */ = {isa = PBXBuildFile; fileRef = 2CD1F3E5219FF1DD00E8B857 /* LaunchScreen.storyboard */; };
		2CD1F3EA219FF1DD00E8B857 /* main.m in Sources */ = {isa = PBXBuildFile; fileRef = 2CD1F3E9219FF1DD00E8B857 /* main.m */; };
		2CD1F3F2219FF66D00E8B857 /* MainViewController.m in Sources */ = {isa = PBXBuildFile; fileRef = 2CD1F3F1219FF66D00E8B857 /* MainViewController.m */; };
		2CD1F3FB219FFC2A00E8B857 /* UIImage+imageWithColor.m in Sources */ = {isa = PBXBuildFile; fileRef = 2CD1F3FA219FFC2A00E8B857 /* UIImage+imageWithColor.m */; };
		2CD1F3FD219FFD1E00E8B857 /* bg.jpg in Resources */ = {isa = PBXBuildFile; fileRef = 2CD1F3FC219FFD1E00E8B857 /* bg.jpg */; };
		2CD1F3FF219FFD2800E8B857 /* 火影.jpg in Resources */ = {isa = PBXBuildFile; fileRef = 2CD1F3FE219FFD2800E8B857 /* 火影.jpg */; };
		2CD1F40321A002CE00E8B857 /* SecondViewController.m in Sources */ = {isa = PBXBuildFile; fileRef = 2CD1F40221A002CE00E8B857 /* SecondViewController.m */; };
		2CD1F40721A002F900E8B857 /* UINavigationBar+ChangeColor.m in Sources */ = {isa = PBXBuildFile; fileRef = 2CD1F40621A002F900E8B857 /* UINavigationBar+ChangeColor.m */; };
		2CD1F40B21A0211300E8B857 /* ThirdViewController.m in Sources */ = {isa = PBXBuildFile; fileRef = 2CD1F40A21A0211300E8B857 /* ThirdViewController.m */; };
		2CD1F40E21A0218D00E8B857 /* UIImage+FEBoxBlur.m in Sources */ = {isa = PBXBuildFile; fileRef = 2CD1F40D21A0218D00E8B857 /* UIImage+FEBoxBlur.m */; };
		2CD1F41021A0221600E8B857 /* avatar@2x.png in Resources */ = {isa = PBXBuildFile; fileRef = 2CD1F40F21A0221600E8B857 /* avatar@2x.png */; };
		2CD1F41321A024DD00E8B857 /* information_teacher_back_btn_normal@2x.png in Resources */ = {isa = PBXBuildFile; fileRef = 2CD1F41121A024DD00E8B857 /* information_teacher_back_btn_normal@2x.png */; };
		2CD1F41421A024DD00E8B857 /* information_teacher_back_btn_normal@3x.png in Resources */ = {isa = PBXBuildFile; fileRef = 2CD1F41221A024DD00E8B857 /* information_teacher_back_btn_normal@3x.png */; };
/* End PBXBuildFile section */

/* Begin PBXFileReference section */
		2CD1F3D7219FF1DC00E8B857 /* GradualNavDemo.app */ = {isa = PBXFileReference; explicitFileType = wrapper.application; includeInIndex = 0; path = GradualNavDemo.app; sourceTree = BUILT_PRODUCTS_DIR; };
		2CD1F3DA219FF1DC00E8B857 /* AppDelegate.h */ = {isa = PBXFileReference; lastKnownFileType = sourcecode.c.h; path = AppDelegate.h; sourceTree = "<group>"; };
		2CD1F3DB219FF1DC00E8B857 /* AppDelegate.m */ = {isa = PBXFileReference; lastKnownFileType = sourcecode.c.objc; path = AppDelegate.m; sourceTree = "<group>"; };
		2CD1F3DD219FF1DC00E8B857 /* ViewController.h */ = {isa = PBXFileReference; lastKnownFileType = sourcecode.c.h; path = ViewController.h; sourceTree = "<group>"; };
		2CD1F3DE219FF1DC00E8B857 /* ViewController.m */ = {isa = PBXFileReference; lastKnownFileType = sourcecode.c.objc; path = ViewController.m; sourceTree = "<group>"; };
		2CD1F3E1219FF1DC00E8B857 /* Base */ = {isa = PBXFileReference; lastKnownFileType = file.storyboard; name = Base; path = Base.lproj/Main.storyboard; sourceTree = "<group>"; };
		2CD1F3E3219FF1DD00E8B857 /* Assets.xcassets */ = {isa = PBXFileReference; lastKnownFileType = folder.assetcatalog; path = Assets.xcassets; sourceTree = "<group>"; };
		2CD1F3E6219FF1DD00E8B857 /* Base */ = {isa = PBXFileReference; lastKnownFileType = file.storyboard; name = Base; path = Base.lproj/LaunchScreen.storyboard; sourceTree = "<group>"; };
		2CD1F3E8219FF1DD00E8B857 /* Info.plist */ = {isa = PBXFileReference; lastKnownFileType = text.plist.xml; path = Info.plist; sourceTree = "<group>"; };
		2CD1F3E9219FF1DD00E8B857 /* main.m */ = {isa = PBXFileReference; lastKnownFileType = sourcecode.c.objc; path = main.m; sourceTree = "<group>"; };
		2CD1F3F0219FF66D00E8B857 /* MainViewController.h */ = {isa = PBXFileReference; lastKnownFileType = sourcecode.c.h; path = MainViewController.h; sourceTree = "<group>"; };
		2CD1F3F1219FF66D00E8B857 /* MainViewController.m */ = {isa = PBXFileReference; lastKnownFileType = sourcecode.c.objc; path = MainViewController.m; sourceTree = "<group>"; };
		2CD1F3F9219FFC2A00E8B857 /* UIImage+imageWithColor.h */ = {isa = PBXFileReference; lastKnownFileType = sourcecode.c.h; path = "UIImage+imageWithColor.h"; sourceTree = "<group>"; };
		2CD1F3FA219FFC2A00E8B857 /* UIImage+imageWithColor.m */ = {isa = PBXFileReference; lastKnownFileType = sourcecode.c.objc; path = "UIImage+imageWithColor.m"; sourceTree = "<group>"; };
		2CD1F3FC219FFD1E00E8B857 /* bg.jpg */ = {isa = PBXFileReference; lastKnownFileType = image.jpeg; path = bg.jpg; sourceTree = "<group>"; };
		2CD1F3FE219FFD2800E8B857 /* 火影.jpg */ = {isa = PBXFileReference; lastKnownFileType = image.jpeg; path = "火影.jpg"; sourceTree = "<group>"; };
		2CD1F40121A002CE00E8B857 /* SecondViewController.h */ = {isa = PBXFileReference; lastKnownFileType = sourcecode.c.h; path = SecondViewController.h; sourceTree = "<group>"; };
		2CD1F40221A002CE00E8B857 /* SecondViewController.m */ = {isa = PBXFileReference; lastKnownFileType = sourcecode.c.objc; path = SecondViewController.m; sourceTree = "<group>"; };
		2CD1F40521A002F900E8B857 /* UINavigationBar+ChangeColor.h */ = {isa = PBXFileReference; lastKnownFileType = sourcecode.c.h; path = "UINavigationBar+ChangeColor.h"; sourceTree = "<group>"; };
		2CD1F40621A002F900E8B857 /* UINavigationBar+ChangeColor.m */ = {isa = PBXFileReference; lastKnownFileType = sourcecode.c.objc; path = "UINavigationBar+ChangeColor.m"; sourceTree = "<group>"; };
		2CD1F40921A0211300E8B857 /* ThirdViewController.h */ = {isa = PBXFileReference; lastKnownFileType = sourcecode.c.h; path = ThirdViewController.h; sourceTree = "<group>"; };
		2CD1F40A21A0211300E8B857 /* ThirdViewController.m */ = {isa = PBXFileReference; lastKnownFileType = sourcecode.c.objc; path = ThirdViewController.m; sourceTree = "<group>"; };
		2CD1F40C21A0218C00E8B857 /* UIImage+FEBoxBlur.h */ = {isa = PBXFileReference; fileEncoding = 4; lastKnownFileType = sourcecode.c.h; path = "UIImage+FEBoxBlur.h"; sourceTree = "<group>"; };
		2CD1F40D21A0218D00E8B857 /* UIImage+FEBoxBlur.m */ = {isa = PBXFileReference; fileEncoding = 4; lastKnownFileType = sourcecode.c.objc; path = "UIImage+FEBoxBlur.m"; sourceTree = "<group>"; };
		2CD1F40F21A0221600E8B857 /* avatar@2x.png */ = {isa = PBXFileReference; lastKnownFileType = image.png; path = "avatar@2x.png"; sourceTree = "<group>"; };
		2CD1F41121A024DD00E8B857 /* information_teacher_back_btn_normal@2x.png */ = {isa = PBXFileReference; lastKnownFileType = image.png; path = "information_teacher_back_btn_normal@2x.png"; sourceTree = "<group>"; };
		2CD1F41221A024DD00E8B857 /* information_teacher_back_btn_normal@3x.png */ = {isa = PBXFileReference; lastKnownFileType = image.png; path = "information_teacher_back_btn_normal@3x.png"; sourceTree = "<group>"; };
/* End PBXFileReference section */

/* Begin PBXFrameworksBuildPhase section */
		2CD1F3D4219FF1DC00E8B857 /* Frameworks */ = {
			isa = PBXFrameworksBuildPhase;
			buildActionMask = 2147483647;
			files = (
			);
			runOnlyForDeploymentPostprocessing = 0;
		};
/* End PBXFrameworksBuildPhase section */

/* Begin PBXGroup section */
		2CD1F3CE219FF1DC00E8B857 = {
			isa = PBXGroup;
			children = (
				2CD1F3D9219FF1DC00E8B857 /* GradualNavDemo */,
				2CD1F3D8219FF1DC00E8B857 /* Products */,
			);
			sourceTree = "<group>";
		};
		2CD1F3D8219FF1DC00E8B857 /* Products */ = {
			isa = PBXGroup;
			children = (
				2CD1F3D7219FF1DC00E8B857 /* GradualNavDemo.app */,
			);
			name = Products;
			sourceTree = "<group>";
		};
		2CD1F3D9219FF1DC00E8B857 /* GradualNavDemo */ = {
			isa = PBXGroup;
			children = (
				2CD1F3DA219FF1DC00E8B857 /* AppDelegate.h */,
				2CD1F3DB219FF1DC00E8B857 /* AppDelegate.m */,
				2CD1F3F0219FF66D00E8B857 /* MainViewController.h */,
				2CD1F3F1219FF66D00E8B857 /* MainViewController.m */,
				2CD1F40821A020F300E8B857 /* Third VC */,
				2CD1F40021A0029B00E8B857 /* SecondVC */,
				2CD1F3F3219FF9AD00E8B857 /* The First */,
				2CD1F3E0219FF1DC00E8B857 /* Main.storyboard */,
				2CD1F3E3219FF1DD00E8B857 /* Assets.xcassets */,
				2CD1F3E5219FF1DD00E8B857 /* LaunchScreen.storyboard */,
				2CD1F3E8219FF1DD00E8B857 /* Info.plist */,
				2CD1F3E9219FF1DD00E8B857 /* main.m */,
			);
			path = GradualNavDemo;
			sourceTree = "<group>";
		};
		2CD1F3F3219FF9AD00E8B857 /* The First */ = {
			isa = PBXGroup;
			children = (
				2CD1F3FE219FFD2800E8B857 /* 火影.jpg */,
				2CD1F3FC219FFD1E00E8B857 /* bg.jpg */,
				2CD1F3DD219FF1DC00E8B857 /* ViewController.h */,
				2CD1F3DE219FF1DC00E8B857 /* ViewController.m */,
				2CD1F3F9219FFC2A00E8B857 /* UIImage+imageWithColor.h */,
				2CD1F3FA219FFC2A00E8B857 /* UIImage+imageWithColor.m */,
			);
			path = "The First";
			sourceTree = "<group>";
		};
		2CD1F40021A0029B00E8B857 /* SecondVC */ = {
			isa = PBXGroup;
			children = (
				2CD1F40421A002DC00E8B857 /* UINavigationBar+ChangeColor */,
				2CD1F40121A002CE00E8B857 /* SecondViewController.h */,
				2CD1F40221A002CE00E8B857 /* SecondViewController.m */,
			);
			path = SecondVC;
			sourceTree = "<group>";
		};
		2CD1F40421A002DC00E8B857 /* UINavigationBar+ChangeColor */ = {
			isa = PBXGroup;
			children = (
				2CD1F40521A002F900E8B857 /* UINavigationBar+ChangeColor.h */,
				2CD1F40621A002F900E8B857 /* UINavigationBar+ChangeColor.m */,
			);
			path = "UINavigationBar+ChangeColor";
			sourceTree = "<group>";
		};
		2CD1F40821A020F300E8B857 /* Third VC */ = {
			isa = PBXGroup;
			children = (
				2CD1F41121A024DD00E8B857 /* information_teacher_back_btn_normal@2x.png */,
				2CD1F41221A024DD00E8B857 /* information_teacher_back_btn_normal@3x.png */,
				2CD1F40F21A0221600E8B857 /* avatar@2x.png */,
				2CD1F40C21A0218C00E8B857 /* UIImage+FEBoxBlur.h */,
				2CD1F40D21A0218D00E8B857 /* UIImage+FEBoxBlur.m */,
				2CD1F40921A0211300E8B857 /* ThirdViewController.h */,
				2CD1F40A21A0211300E8B857 /* ThirdViewController.m */,
			);
			path = "Third VC";
			sourceTree = "<group>";
		};
/* End PBXGroup section */

/* Begin PBXNativeTarget section */
		2CD1F3D6219FF1DC00E8B857 /* GradualNavDemo */ = {
			isa = PBXNativeTarget;
			buildConfigurationList = 2CD1F3ED219FF1DD00E8B857 /* Build configuration list for PBXNativeTarget "GradualNavDemo" */;
			buildPhases = (
				2CD1F3D3219FF1DC00E8B857 /* Sources */,
				2CD1F3D4219FF1DC00E8B857 /* Frameworks */,
				2CD1F3D5219FF1DC00E8B857 /* Resources */,
			);
			buildRules = (
			);
			dependencies = (
			);
			name = GradualNavDemo;
			productName = GradualNavDemo;
			productReference = 2CD1F3D7219FF1DC00E8B857 /* GradualNavDemo.app */;
			productType = "com.apple.product-type.application";
		};
/* End PBXNativeTarget section */

/* Begin PBXProject section */
		2CD1F3CF219FF1DC00E8B857 /* Project object */ = {
			isa = PBXProject;
			attributes = {
				LastUpgradeCheck = 1010;
				ORGANIZATIONNAME = otto;
				TargetAttributes = {
					2CD1F3D6219FF1DC00E8B857 = {
						CreatedOnToolsVersion = 10.1;
					};
				};
			};
			buildConfigurationList = 2CD1F3D2219FF1DC00E8B857 /* Build configuration list for PBXProject "GradualNavDemo" */;
			compatibilityVersion = "Xcode 9.3";
			developmentRegion = en;
			hasScannedForEncodings = 0;
			knownRegions = (
				en,
				Base,
			);
			mainGroup = 2CD1F3CE219FF1DC00E8B857;
			productRefGroup = 2CD1F3D8219FF1DC00E8B857 /* Products */;
			projectDirPath = "";
			projectRoot = "";
			targets = (
				2CD1F3D6219FF1DC00E8B857 /* GradualNavDemo */,
			);
		};
/* End PBXProject section */

/* Begin PBXResourcesBuildPhase section */
		2CD1F3D5219FF1DC00E8B857 /* Resources */ = {
			isa = PBXResourcesBuildPhase;
			buildActionMask = 2147483647;
			files = (
				2CD1F3FF219FFD2800E8B857 /* 火影.jpg in Resources */,
				2CD1F3E7219FF1DD00E8B857 /* LaunchScreen.storyboard in Resources */,
				2CD1F3E4219FF1DD00E8B857 /* Assets.xcassets in Resources */,
				2CD1F41321A024DD00E8B857 /* information_teacher_back_btn_normal@2x.png in Resources */,
				2CD1F41421A024DD00E8B857 /* information_teacher_back_btn_normal@3x.png in Resources */,
				2CD1F41021A0221600E8B857 /* avatar@2x.png in Resources */,
				2CD1F3FD219FFD1E00E8B857 /* bg.jpg in Resources */,
				2CD1F3E2219FF1DC00E8B857 /* Main.storyboard in Resources */,
			);
			runOnlyForDeploymentPostprocessing = 0;
		};
/* End PBXResourcesBuildPhase section */

/* Begin PBXSourcesBuildPhase section */
		2CD1F3D3219FF1DC00E8B857 /* Sources */ = {
			isa = PBXSourcesBuildPhase;
			buildActionMask = 2147483647;
			files = (
				2CD1F40321A002CE00E8B857 /* SecondViewController.m in Sources */,
				2CD1F40721A002F900E8B857 /* UINavigationBar+ChangeColor.m in Sources */,
				2CD1F40E21A0218D00E8B857 /* UIImage+FEBoxBlur.m in Sources */,
				2CD1F40B21A0211300E8B857 /* ThirdViewController.m in Sources */,
				2CD1F3DF219FF1DC00E8B857 /* ViewController.m in Sources */,
				2CD1F3EA219FF1DD00E8B857 /* main.m in Sources */,
				2CD1F3FB219FFC2A00E8B857 /* UIImage+imageWithColor.m in Sources */,
				2CD1F3DC219FF1DC00E8B857 /* AppDelegate.m in Sources */,
				2CD1F3F2219FF66D00E8B857 /* MainViewController.m in Sources */,
			);
			runOnlyForDeploymentPostprocessing = 0;
		};
/* End PBXSourcesBuildPhase section */

/* Begin PBXVariantGroup section */
		2CD1F3E0219FF1DC00E8B857 /* Main.storyboard */ = {
			isa = PBXVariantGroup;
			children = (
				2CD1F3E1219FF1DC00E8B857 /* Base */,
			);
			name = Main.storyboard;
			sourceTree = "<group>";
		};
		2CD1F3E5219FF1DD00E8B857 /* LaunchScreen.storyboard */ = {
			isa = PBXVariantGroup;
			children = (
				2CD1F3E6219FF1DD00E8B857 /* Base */,
			);
			name = LaunchScreen.storyboard;
			sourceTree = "<group>";
		};
/* End PBXVariantGroup section */

/* Begin XCBuildConfiguration section */
		2CD1F3EB219FF1DD00E8B857 /* Debug */ = {
			isa = XCBuildConfiguration;
			buildSettings = {
				ALWAYS_SEARCH_USER_PATHS = NO;
				CLANG_ANALYZER_NONNULL = YES;
				CLANG_ANALYZER_NUMBER_OBJECT_CONVERSION = YES_AGGRESSIVE;
				CLANG_CXX_LANGUAGE_STANDARD = "gnu++14";
				CLANG_CXX_LIBRARY = "libc++";
				CLANG_ENABLE_MODULES = YES;
				CLANG_ENABLE_OBJC_ARC = YES;
				CLANG_ENABLE_OBJC_WEAK = YES;
				CLANG_WARN_BLOCK_CAPTURE_AUTORELEASING = YES;
				CLANG_WARN_BOOL_CONVERSION = YES;
				CLANG_WARN_COMMA = YES;
				CLANG_WARN_CONSTANT_CONVERSION = YES;
				CLANG_WARN_DEPRECATED_OBJC_IMPLEMENTATIONS = YES;
				CLANG_WARN_DIRECT_OBJC_ISA_USAGE = YES_ERROR;
				CLANG_WARN_DOCUMENTATION_COMMENTS = YES;
				CLANG_WARN_EMPTY_BODY = YES;
				CLANG_WARN_ENUM_CONVERSION = YES;
				CLANG_WARN_INFINITE_RECURSION = YES;
				CLANG_WARN_INT_CONVERSION = YES;
				CLANG_WARN_NON_LITERAL_NULL_CONVERSION = YES;
				CLANG_WARN_OBJC_IMPLICIT_RETAIN_SELF = YES;
				CLANG_WARN_OBJC_LITERAL_CONVERSION = YES;
				CLANG_WARN_OBJC_ROOT_CLASS = YES_ERROR;
				CLANG_WARN_RANGE_LOOP_ANALYSIS = YES;
				CLANG_WARN_STRICT_PROTOTYPES = YES;
				CLANG_WARN_SUSPICIOUS_MOVE = YES;
				CLANG_WARN_UNGUARDED_AVAILABILITY = YES_AGGRESSIVE;
				CLANG_WARN_UNREACHABLE_CODE = YES;
				CLANG_WARN__DUPLICATE_METHOD_MATCH = YES;
				CODE_SIGN_IDENTITY = "iPhone Developer";
				COPY_PHASE_STRIP = NO;
				DEBUG_INFORMATION_FORMAT = dwarf;
				ENABLE_STRICT_OBJC_MSGSEND = YES;
				ENABLE_TESTABILITY = YES;
				GCC_C_LANGUAGE_STANDARD = gnu11;
				GCC_DYNAMIC_NO_PIC = NO;
				GCC_NO_COMMON_BLOCKS = YES;
				GCC_OPTIMIZATION_LEVEL = 0;
				GCC_PREPROCESSOR_DEFINITIONS = (
					"DEBUG=1",
					"$(inherited)",
				);
				GCC_WARN_64_TO_32_BIT_CONVERSION = YES;
				GCC_WARN_ABOUT_RETURN_TYPE = YES_ERROR;
				GCC_WARN_UNDECLARED_SELECTOR = YES;
				GCC_WARN_UNINITIALIZED_AUTOS = YES_AGGRESSIVE;
				GCC_WARN_UNUSED_FUNCTION = YES;
				GCC_WARN_UNUSED_VARIABLE = YES;
				IPHONEOS_DEPLOYMENT_TARGET = 12.1;
				MTL_ENABLE_DEBUG_INFO = INCLUDE_SOURCE;
				MTL_FAST_MATH = YES;
				ONLY_ACTIVE_ARCH = YES;
				SDKROOT = iphoneos;
			};
			name = Debug;
		};
		2CD1F3EC219FF1DD00E8B857 /* Release */ = {
			isa = XCBuildConfiguration;
			buildSettings = {
				ALWAYS_SEARCH_USER_PATHS = NO;
				CLANG_ANALYZER_NONNULL = YES;
				CLANG_ANALYZER_NUMBER_OBJECT_CONVERSION = YES_AGGRESSIVE;
				CLANG_CXX_LANGUAGE_STANDARD = "gnu++14";
				CLANG_CXX_LIBRARY = "libc++";
				CLANG_ENABLE_MODULES = YES;
				CLANG_ENABLE_OBJC_ARC = YES;
				CLANG_ENABLE_OBJC_WEAK = YES;
				CLANG_WARN_BLOCK_CAPTURE_AUTORELEASING = YES;
				CLANG_WARN_BOOL_CONVERSION = YES;
				CLANG_WARN_COMMA = YES;
				CLANG_WARN_CONSTANT_CONVERSION = YES;
				CLANG_WARN_DEPRECATED_OBJC_IMPLEMENTATIONS = YES;
				CLANG_WARN_DIRECT_OBJC_ISA_USAGE = YES_ERROR;
				CLANG_WARN_DOCUMENTATION_COMMENTS = YES;
				CLANG_WARN_EMPTY_BODY = YES;
				CLANG_WARN_ENUM_CONVERSION = YES;
				CLANG_WARN_INFINITE_RECURSION = YES;
				CLANG_WARN_INT_CONVERSION = YES;
				CLANG_WARN_NON_LITERAL_NULL_CONVERSION = YES;
				CLANG_WARN_OBJC_IMPLICIT_RETAIN_SELF = YES;
				CLANG_WARN_OBJC_LITERAL_CONVERSION = YES;
				CLANG_WARN_OBJC_ROOT_CLASS = YES_ERROR;
				CLANG_WARN_RANGE_LOOP_ANALYSIS = YES;
				CLANG_WARN_STRICT_PROTOTYPES = YES;
				CLANG_WARN_SUSPICIOUS_MOVE = YES;
				CLANG_WARN_UNGUARDED_AVAILABILITY = YES_AGGRESSIVE;
				CLANG_WARN_UNREACHABLE_CODE = YES;
				CLANG_WARN__DUPLICATE_METHOD_MATCH = YES;
				CODE_SIGN_IDENTITY = "iPhone Developer";
				COPY_PHASE_STRIP = NO;
				DEBUG_INFORMATION_FORMAT = "dwarf-with-dsym";
				ENABLE_NS_ASSERTIONS = NO;
				ENABLE_STRICT_OBJC_MSGSEND = YES;
				GCC_C_LANGUAGE_STANDARD = gnu11;
				GCC_NO_COMMON_BLOCKS = YES;
				GCC_WARN_64_TO_32_BIT_CONVERSION = YES;
				GCC_WARN_ABOUT_RETURN_TYPE = YES_ERROR;
				GCC_WARN_UNDECLARED_SELECTOR = YES;
				GCC_WARN_UNINITIALIZED_AUTOS = YES_AGGRESSIVE;
				GCC_WARN_UNUSED_FUNCTION = YES;
				GCC_WARN_UNUSED_VARIABLE = YES;
				IPHONEOS_DEPLOYMENT_TARGET = 12.1;
				MTL_ENABLE_DEBUG_INFO = NO;
				MTL_FAST_MATH = YES;
				SDKROOT = iphoneos;
				VALIDATE_PRODUCT = YES;
			};
			name = Release;
		};
		2CD1F3EE219FF1DD00E8B857 /* Debug */ = {
			isa = XCBuildConfiguration;
			buildSettings = {
				ASSETCATALOG_COMPILER_APPICON_NAME = AppIcon;
				CODE_SIGN_STYLE = Automatic;
				DEVELOPMENT_TEAM = 7D6HATSF7M;
				INFOPLIST_FILE = GradualNavDemo/Info.plist;
				IPHONEOS_DEPLOYMENT_TARGET = 10.0;
				LD_RUNPATH_SEARCH_PATHS = (
					"$(inherited)",
					"@executable_path/Frameworks",
				);
				PRODUCT_BUNDLE_IDENTIFIER = otto.GradualNavDemo;
				PRODUCT_NAME = "$(TARGET_NAME)";
				TARGETED_DEVICE_FAMILY = "1,2";
			};
			name = Debug;
		};
		2CD1F3EF219FF1DD00E8B857 /* Release */ = {
			isa = XCBuildConfiguration;
			buildSettings = {
				ASSETCATALOG_COMPILER_APPICON_NAME = AppIcon;
				CODE_SIGN_STYLE = Automatic;
				DEVELOPMENT_TEAM = 7D6HATSF7M;
				INFOPLIST_FILE = GradualNavDemo/Info.plist;
				IPHONEOS_DEPLOYMENT_TARGET = 10.0;
				LD_RUNPATH_SEARCH_PATHS = (
					"$(inherited)",
					"@executable_path/Frameworks",
				);
				PRODUCT_BUNDLE_IDENTIFIER = otto.GradualNavDemo;
				PRODUCT_NAME = "$(TARGET_NAME)";
				TARGETED_DEVICE_FAMILY = "1,2";
			};
			name = Release;
		};
/* End XCBuildConfiguration section */

/* Begin XCConfigurationList section */
		2CD1F3D2219FF1DC00E8B857 /* Build configuration list for PBXProject "GradualNavDemo" */ = {
			isa = XCConfigurationList;
			buildConfigurations = (
				2CD1F3EB219FF1DD00E8B857 /* Debug */,
				2CD1F3EC219FF1DD00E8B857 /* Release */,
			);
			defaultConfigurationIsVisible = 0;
			defaultConfigurationName = Release;
		};
		2CD1F3ED219FF1DD00E8B857 /* Build configuration list for PBXNativeTarget "GradualNavDemo" */ = {
			isa = XCConfigurationList;
			buildConfigurations = (
				2CD1F3EE219FF1DD00E8B857 /* Debug */,
				2CD1F3EF219FF1DD00E8B857 /* Release */,
			);
			defaultConfigurationIsVisible = 0;
			defaultConfigurationName = Release;
		};
/* End XCConfigurationList section */
	};
	rootObject = 2CD1F3CF219FF1DC00E8B857 /* Project object */;
}
